
Microsoft Visual Studio Solution File, Format Version 12.00
# Visual Studio Version 17
VisualStudioVersion = 17.5.002.0
MinimumVisualStudioVersion = 10.0.40219.1
Project("{2150E333-8FDC-42A3-9474-1A3956D46DE8}") = "csharp-prep", "csharp-prep", "{D0FDE584-5F42-4583-A186-3F58967188B9}"
EndProject
Project("{9A19103F-16F7-4668-BE54-9A1E7A4F7556}") = "Prep1", "csharp-prep\Prep1\Prep1.csproj", "{D0360AC1-06D7-4837-B129-DC31EC317B62}"
EndProject
Project("{9A19103F-16F7-4668-BE54-9A1E7A4F7556}") = "Prep2", "csharp-prep\Prep2\Prep2.csproj", "{1D029E25-7A57-4CCD-BEF4-EA551DE0ADA0}"
EndProject
Project("{9A19103F-16F7-4668-BE54-9A1E7A4F7556}") = "Prep3", "csharp-prep\Prep3\Prep3.csproj", "{EEBB764A-CA7F-4F35-A036-805BFA1EA118}"
EndProject
Project("{9A19103F-16F7-4668-BE54-9A1E7A4F7556}") = "Prep4", "csharp-prep\Prep4\Prep4.csproj", "{2ABCB87D-74FF-40D2-94AF-6E846B1623EC}"
EndProject
Project("{9A19103F-16F7-4668-BE54-9A1E7A4F7556}") = "Prep5", "csharp-prep\Prep5\Prep5.csproj", "{92A18BDC-D1EB-4618-BB44-989DDE75D4E8}"
EndProject
Project("{2150E333-8FDC-42A3-9474-1A3956D46DE8}") = "final", "final", "{2F00E0F0-77D8-4FE9-84C3-D714C735B15F}"
EndProject
Project("{9A19103F-16F7-4668-BE54-9A1E7A4F7556}") = "FinalProject", "final\FinalProject\FinalProject.csproj", "{3D9D2E74-2E9E-49F7-A31C-6942929D9223}"
EndProject
Project("{9A19103F-16F7-4668-BE54-9A1E7A4F7556}") = "Foundation1", "final\Foundation1\Foundation1.csproj", "{D0550BC4-8BC3-4454-8070-7F5693A633D9}"
EndProject
Project("{9A19103F-16F7-4668-BE54-9A1E7A4F7556}") = "Foundation2", "final\Foundation2\Foundation2.csproj", "{FA7FF360-5C26-425E-A0DC-E212B30A8384}"
EndProject
Project("{9A19103F-16F7-4668-BE54-9A1E7A4F7556}") = "Foundation3", "final\Foundation3\Foundation3.csproj", "{F207C878-7EEF-4216-95E1-8AF00D88C6FE}"
EndProject
Project("{9A19103F-16F7-4668-BE54-9A1E7A4F7556}") = "Foundation4", "final\Foundation4\Foundation4.csproj", "{B1652E3F-1212-43F5-93DF-EA831D893568}"
EndProject
Project("{2150E333-8FDC-42A3-9474-1A3956D46DE8}") = "prepare", "prepare", "{3BCC4D55-8AB0-4D08-8CD6-89A79E6CF738}"
EndProject
Project("{9A19103F-16F7-4668-BE54-9A1E7A4F7556}") = "Learning02", "prepare\Learning02\Learning02.csproj", "{3434F93B-DAB8-4440-8C79-43222D0D4D66}"
EndProject
Project("{9A19103F-16F7-4668-BE54-9A1E7A4F7556}") = "Learning03", "prepare\Learning03\Learning03.csproj", "{B9F454C8-B21D-487A-A139-6070ED79D4AC}"
EndProject
Project("{9A19103F-16F7-4668-BE54-9A1E7A4F7556}") = "Learning04", "prepare\Learning04\Learning04.csproj", "{E4C4886F-162D-420D-A8E0-2E25ACB4FCE1}"
EndProject
Project("{9A19103F-16F7-4668-BE54-9A1E7A4F7556}") = "Learning05", "prepare\Learning05\Learning05.csproj", "{30802063-2689-4BC4-AACB-2FC2AACB8E5E}"
EndProject
Project("{2150E333-8FDC-42A3-9474-1A3956D46DE8}") = "prove", "prove", "{B8E14052-622F-4838-8340-AE3C232A658B}"
EndProject
Project("{9A19103F-16F7-4668-BE54-9A1E7A4F7556}") = "Develop02", "prove\Develop02\Develop02.csproj", "{8375F586-3A0C-4E15-826B-393639B3FDA4}"
EndProject
Project("{9A19103F-16F7-4668-BE54-9A1E7A4F7556}") = "Develop03", "prove\Develop03\Develop03.csproj", "{01F93235-36B7-4A12-B39A-F2BCEA3A96D7}"
EndProject
Project("{9A19103F-16F7-4668-BE54-9A1E7A4F7556}") = "Develop04", "prove\Develop04\Develop04.csproj", "{EB8080BC-F65E-4F11-8478-FE583EEFB858}"
EndProject
Project("{9A19103F-16F7-4668-BE54-9A1E7A4F7556}") = "Develop05", "prove\Develop05\Develop05.csproj", "{16923183-4476-4D1D-AEA0-7EBE3CAA9D7B}"
EndProject
Project("{2150E333-8FDC-42A3-9474-1A3956D46DE8}") = "sandbox", "sandbox", "{2FEA2308-974B-4FCC-8924-BF1077DFCD75}"
EndProject
Project("{9A19103F-16F7-4668-BE54-9A1E7A4F7556}") = "Sandbox", "sandbox\Sandbox\Sandbox.csproj", "{DDF524F5-67D0-4FBF-A330-763481C5B5E9}"
EndProject
Global
	GlobalSection(SolutionConfigurationPlatforms) = preSolution
		Debug|Any CPU = Debug|Any CPU
		Release|Any CPU = Release|Any CPU
	EndGlobalSection
	GlobalSection(ProjectConfigurationPlatforms) = postSolution
		{D0360AC1-06D7-4837-B129-DC31EC317B62}.Debug|Any CPU.ActiveCfg = Debug|Any CPU
		{D0360AC1-06D7-4837-B129-DC31EC317B62}.Debug|Any CPU.Build.0 = Debug|Any CPU
		{D0360AC1-06D7-4837-B129-DC31EC317B62}.Release|Any CPU.ActiveCfg = Release|Any CPU
		{D0360AC1-06D7-4837-B129-DC31EC317B62}.Release|Any CPU.Build.0 = Release|Any CPU
		{1D029E25-7A57-4CCD-BEF4-EA551DE0ADA0}.Debug|Any CPU.ActiveCfg = Debug|Any CPU
		{1D029E25-7A57-4CCD-BEF4-EA551DE0ADA0}.Debug|Any CPU.Build.0 = Debug|Any CPU
		{1D029E25-7A57-4CCD-BEF4-EA551DE0ADA0}.Release|Any CPU.ActiveCfg = Release|Any CPU
		{1D029E25-7A57-4CCD-BEF4-EA551DE0ADA0}.Release|Any CPU.Build.0 = Release|Any CPU
		{EEBB764A-CA7F-4F35-A036-805BFA1EA118}.Debug|Any CPU.ActiveCfg = Debug|Any CPU
		{EEBB764A-CA7F-4F35-A036-805BFA1EA118}.Debug|Any CPU.Build.0 = Debug|Any CPU
		{EEBB764A-CA7F-4F35-A036-805BFA1EA118}.Release|Any CPU.ActiveCfg = Release|Any CPU
		{EEBB764A-CA7F-4F35-A036-805BFA1EA118}.Release|Any CPU.Build.0 = Release|Any CPU
		{2ABCB87D-74FF-40D2-94AF-6E846B1623EC}.Debug|Any CPU.ActiveCfg = Debug|Any CPU
		{2ABCB87D-74FF-40D2-94AF-6E846B1623EC}.Debug|Any CPU.Build.0 = Debug|Any CPU
		{2ABCB87D-74FF-40D2-94AF-6E846B1623EC}.Release|Any CPU.ActiveCfg = Release|Any CPU
		{2ABCB87D-74FF-40D2-94AF-6E846B1623EC}.Release|Any CPU.Build.0 = Release|Any CPU
		{92A18BDC-D1EB-4618-BB44-989DDE75D4E8}.Debug|Any CPU.ActiveCfg = Debug|Any CPU
		{92A18BDC-D1EB-4618-BB44-989DDE75D4E8}.Debug|Any CPU.Build.0 = Debug|Any CPU
		{92A18BDC-D1EB-4618-BB44-989DDE75D4E8}.Release|Any CPU.ActiveCfg = Release|Any CPU
		{92A18BDC-D1EB-4618-BB44-989DDE75D4E8}.Release|Any CPU.Build.0 = Release|Any CPU
		{3D9D2E74-2E9E-49F7-A31C-6942929D9223}.Debug|Any CPU.ActiveCfg = Debug|Any CPU
		{3D9D2E74-2E9E-49F7-A31C-6942929D9223}.Debug|Any CPU.Build.0 = Debug|Any CPU
		{3D9D2E74-2E9E-49F7-A31C-6942929D9223}.Release|Any CPU.ActiveCfg = Release|Any CPU
		{3D9D2E74-2E9E-49F7-A31C-6942929D9223}.Release|Any CPU.Build.0 = Release|Any CPU
		{D0550BC4-8BC3-4454-8070-7F5693A633D9}.Debug|Any CPU.ActiveCfg = Debug|Any CPU
		{D0550BC4-8BC3-4454-8070-7F5693A633D9}.Debug|Any CPU.Build.0 = Debug|Any CPU
		{D0550BC4-8BC3-4454-8070-7F5693A633D9}.Release|Any CPU.ActiveCfg = Release|Any CPU
		{D0550BC4-8BC3-4454-8070-7F5693A633D9}.Release|Any CPU.Build.0 = Release|Any CPU
		{FA7FF360-5C26-425E-A0DC-E212B30A8384}.Debug|Any CPU.ActiveCfg = Debug|Any CPU
		{FA7FF360-5C26-425E-A0DC-E212B30A8384}.Debug|Any CPU.Build.0 = Debug|Any CPU
		{FA7FF360-5C26-425E-A0DC-E212B30A8384}.Release|Any CPU.ActiveCfg = Release|Any CPU
		{FA7FF360-5C26-425E-A0DC-E212B30A8384}.Release|Any CPU.Build.0 = Release|Any CPU
		{F207C878-7EEF-4216-95E1-8AF00D88C6FE}.Debug|Any CPU.ActiveCfg = Debug|Any CPU
		{F207C878-7EEF-4216-95E1-8AF00D88C6FE}.Debug|Any CPU.Build.0 = Debug|Any CPU
		{F207C878-7EEF-4216-95E1-8AF00D88C6FE}.Release|Any CPU.ActiveCfg = Release|Any CPU
		{F207C878-7EEF-4216-95E1-8AF00D88C6FE}.Release|Any CPU.Build.0 = Release|Any CPU
		{B1652E3F-1212-43F5-93DF-EA831D893568}.Debug|Any CPU.ActiveCfg = Debug|Any CPU
		{B1652E3F-1212-43F5-93DF-EA831D893568}.Debug|Any CPU.Build.0 = Debug|Any CPU
		{B1652E3F-1212-43F5-93DF-EA831D893568}.Release|Any CPU.ActiveCfg = Release|Any CPU
		{B1652E3F-1212-43F5-93DF-EA831D893568}.Release|Any CPU.Build.0 = Release|Any CPU
		{3434F93B-DAB8-4440-8C79-43222D0D4D66}.Debug|Any CPU.ActiveCfg = Debug|Any CPU
		{3434F93B-DAB8-4440-8C79-43222D0D4D66}.Debug|Any CPU.Build.0 = Debug|Any CPU
		{3434F93B-DAB8-4440-8C79-43222D0D4D66}.Release|Any CPU.ActiveCfg = Release|Any CPU
		{3434F93B-DAB8-4440-8C79-43222D0D4D66}.Release|Any CPU.Build.0 = Release|Any CPU
		{B9F454C8-B21D-487A-A139-6070ED79D4AC}.Debug|Any CPU.ActiveCfg = Debug|Any CPU
		{B9F454C8-B21D-487A-A139-6070ED79D4AC}.Debug|Any CPU.Build.0 = Debug|Any CPU
		{B9F454C8-B21D-487A-A139-6070ED79D4AC}.Release|Any CPU.ActiveCfg = Release|Any CPU
		{B9F454C8-B21D-487A-A139-6070ED79D4AC}.Release|Any CPU.Build.0 = Release|Any CPU
		{E4C4886F-162D-420D-A8E0-2E25ACB4FCE1}.Debug|Any CPU.ActiveCfg = Debug|Any CPU
		{E4C4886F-162D-420D-A8E0-2E25ACB4FCE1}.Debug|Any CPU.Build.0 = Debug|Any CPU
		{E4C4886F-162D-420D-A8E0-2E25ACB4FCE1}.Release|Any CPU.ActiveCfg = Release|Any CPU
		{E4C4886F-162D-420D-A8E0-2E25ACB4FCE1}.Release|Any CPU.Build.0 = Release|Any CPU
		{30802063-2689-4BC4-AACB-2FC2AACB8E5E}.Debug|Any CPU.ActiveCfg = Debug|Any CPU
		{30802063-2689-4BC4-AACB-2FC2AACB8E5E}.Debug|Any CPU.Build.0 = Debug|Any CPU
		{30802063-2689-4BC4-AACB-2FC2AACB8E5E}.Release|Any CPU.ActiveCfg = Release|Any CPU
		{30802063-2689-4BC4-AACB-2FC2AACB8E5E}.Release|Any CPU.Build.0 = Release|Any CPU
		{8375F586-3A0C-4E15-826B-393639B3FDA4}.Debug|Any CPU.ActiveCfg = Debug|Any CPU
		{8375F586-3A0C-4E15-826B-393639B3FDA4}.Debug|Any CPU.Build.0 = Debug|Any CPU
		{8375F586-3A0C-4E15-826B-393639B3FDA4}.Release|Any CPU.ActiveCfg = Release|Any CPU
		{8375F586-3A0C-4E15-826B-393639B3FDA4}.Release|Any CPU.Build.0 = Release|Any CPU
		{01F93235-36B7-4A12-B39A-F2BCEA3A96D7}.Debug|Any CPU.ActiveCfg = Debug|Any CPU
		{01F93235-36B7-4A12-B39A-F2BCEA3A96D7}.Debug|Any CPU.Build.0 = Debug|Any CPU
		{01F93235-36B7-4A12-B39A-F2BCEA3A96D7}.Release|Any CPU.ActiveCfg = Release|Any CPU
		{01F93235-36B7-4A12-B39A-F2BCEA3A96D7}.Release|Any CPU.Build.0 = Release|Any CPU
		{EB8080BC-F65E-4F11-8478-FE583EEFB858}.Debug|Any CPU.ActiveCfg = Debug|Any CPU
		{EB8080BC-F65E-4F11-8478-FE583EEFB858}.Debug|Any CPU.Build.0 = Debug|Any CPU
		{EB8080BC-F65E-4F11-8478-FE583EEFB858}.Release|Any CPU.ActiveCfg = Release|Any CPU
		{EB8080BC-F65E-4F11-8478-FE583EEFB858}.Release|Any CPU.Build.0 = Release|Any CPU
		{16923183-4476-4D1D-AEA0-7EBE3CAA9D7B}.Debug|Any CPU.ActiveCfg = Debug|Any CPU
		{16923183-4476-4D1D-AEA0-7EBE3CAA9D7B}.Debug|Any CPU.Build.0 = Debug|Any CPU
		{16923183-4476-4D1D-AEA0-7EBE3CAA9D7B}.Release|Any CPU.ActiveCfg = Release|Any CPU
		{16923183-4476-4D1D-AEA0-7EBE3CAA9D7B}.Release|Any CPU.Build.0 = Release|Any CPU
		{DDF524F5-67D0-4FBF-A330-763481C5B5E9}.Debug|Any CPU.ActiveCfg = Debug|Any CPU
		{DDF524F5-67D0-4FBF-A330-763481C5B5E9}.Debug|Any CPU.Build.0 = Debug|Any CPU
		{DDF524F5-67D0-4FBF-A330-763481C5B5E9}.Release|Any CPU.ActiveCfg = Release|Any CPU
		{DDF524F5-67D0-4FBF-A330-763481C5B5E9}.Release|Any CPU.Build.0 = Release|Any CPU
	EndGlobalSection
	GlobalSection(SolutionProperties) = preSolution
		HideSolutionNode = FALSE
	EndGlobalSection
	GlobalSection(NestedProjects) = preSolution
		{D0360AC1-06D7-4837-B129-DC31EC317B62} = {D0FDE584-5F42-4583-A186-3F58967188B9}
		{1D029E25-7A57-4CCD-BEF4-EA551DE0ADA0} = {D0FDE584-5F42-4583-A186-3F58967188B9}
		{EEBB764A-CA7F-4F35-A036-805BFA1EA118} = {D0FDE584-5F42-4583-A186-3F58967188B9}
		{2ABCB87D-74FF-40D2-94AF-6E846B1623EC} = {D0FDE584-5F42-4583-A186-3F58967188B9}
		{92A18BDC-D1EB-4618-BB44-989DDE75D4E8} = {D0FDE584-5F42-4583-A186-3F58967188B9}
		{3D9D2E74-2E9E-49F7-A31C-6942929D9223} = {2F00E0F0-77D8-4FE9-84C3-D714C735B15F}
		{D0550BC4-8BC3-4454-8070-7F5693A633D9} = {2F00E0F0-77D8-4FE9-84C3-D714C735B15F}
		{FA7FF360-5C26-425E-A0DC-E212B30A8384} = {2F00E0F0-77D8-4FE9-84C3-D714C735B15F}
		{F207C878-7EEF-4216-95E1-8AF00D88C6FE} = {2F00E0F0-77D8-4FE9-84C3-D714C735B15F}
		{B1652E3F-1212-43F5-93DF-EA831D893568} = {2F00E0F0-77D8-4FE9-84C3-D714C735B15F}
		{3434F93B-DAB8-4440-8C79-43222D0D4D66} = {3BCC4D55-8AB0-4D08-8CD6-89A79E6CF738}
		{B9F454C8-B21D-487A-A139-6070ED79D4AC} = {3BCC4D55-8AB0-4D08-8CD6-89A79E6CF738}
		{E4C4886F-162D-420D-A8E0-2E25ACB4FCE1} = {3BCC4D55-8AB0-4D08-8CD6-89A79E6CF738}
		{30802063-2689-4BC4-AACB-2FC2AACB8E5E} = {3BCC4D55-8AB0-4D08-8CD6-89A79E6CF738}
		{8375F586-3A0C-4E15-826B-393639B3FDA4} = {B8E14052-622F-4838-8340-AE3C232A658B}
		{01F93235-36B7-4A12-B39A-F2BCEA3A96D7} = {B8E14052-622F-4838-8340-AE3C232A658B}
		{EB8080BC-F65E-4F11-8478-FE583EEFB858} = {B8E14052-622F-4838-8340-AE3C232A658B}
		{16923183-4476-4D1D-AEA0-7EBE3CAA9D7B} = {B8E14052-622F-4838-8340-AE3C232A658B}
		{DDF524F5-67D0-4FBF-A330-763481C5B5E9} = {2FEA2308-974B-4FCC-8924-BF1077DFCD75}
	EndGlobalSection
	GlobalSection(ExtensibilityGlobals) = postSolution
		SolutionGuid = {BA79C6FF-3FF3-4F02-B5EE-55BEC364BDEE}
	EndGlobalSection
EndGlobal
